
Microsoft Visual Studio Solution File, Format Version 12.00
# Visual Studio Version 17
VisualStudioVersion = 17.5.002.0
MinimumVisualStudioVersion = 10.0.40219.1
Project("{9A19103F-16F7-4668-BE54-9A1E7A4F7556}") = "anrouxel.github.io", "anrouxel.github.io.csproj", "{69BC14D6-506A-4AC7-84AF-816FCD5C98EB}"
EndProject
Global
	GlobalSection(SolutionConfigurationPlatforms) = preSolution
		Debug|Any CPU = Debug|Any CPU
		Release|Any CPU = Release|Any CPU
	EndGlobalSection
	GlobalSection(ProjectConfigurationPlatforms) = postSolution
		{69BC14D6-506A-4AC7-84AF-816FCD5C98EB}.Debug|Any CPU.ActiveCfg = Debug|Any CPU
		{69BC14D6-506A-4AC7-84AF-816FCD5C98EB}.Debug|Any CPU.Build.0 = Debug|Any CPU
		{69BC14D6-506A-4AC7-84AF-816FCD5C98EB}.Release|Any CPU.ActiveCfg = Release|Any CPU
		{69BC14D6-506A-4AC7-84AF-816FCD5C98EB}.Release|Any CPU.Build.0 = Release|Any CPU
	EndGlobalSection
	GlobalSection(SolutionProperties) = preSolution
		HideSolutionNode = FALSE
	EndGlobalSection
	GlobalSection(ExtensibilityGlobals) = postSolution
		SolutionGuid = {B5C1549D-F458-420B-8BFA-2973531C3928}
	EndGlobalSection
EndGlobal
